// !$*UTF8*$!
{
	archiveVersion = 1;
	classes = {
	};
	objectVersion = 56;
	objects = {

/* Begin PBXBuildFile section */
		27370C302BC4299800A2C133 /* AppDelegate.swift in Sources */ = {isa = PBXBuildFile; fileRef = 27370C2F2BC4299800A2C133 /* AppDelegate.swift */; };
		27370C322BC4299800A2C133 /* SceneDelegate.swift in Sources */ = {isa = PBXBuildFile; fileRef = 27370C312BC4299800A2C133 /* SceneDelegate.swift */; };
		27370C392BC4299900A2C133 /* Assets.xcassets in Resources */ = {isa = PBXBuildFile; fileRef = 27370C382BC4299900A2C133 /* Assets.xcassets */; };
		27370C3C2BC4299900A2C133 /* LaunchScreen.storyboard in Resources */ = {isa = PBXBuildFile; fileRef = 27370C3A2BC4299900A2C133 /* LaunchScreen.storyboard */; };
		2787A3502BE743B3003D60D7 /* BaseCoordinator.swift in Sources */ = {isa = PBXBuildFile; fileRef = 2787A34F2BE743B3003D60D7 /* BaseCoordinator.swift */; };
		2787A3522BE74464003D60D7 /* BaseViewController.swift in Sources */ = {isa = PBXBuildFile; fileRef = 2787A3512BE74464003D60D7 /* BaseViewController.swift */; };
		2787A3542BE74547003D60D7 /* FadeViewControllerTransition.swift in Sources */ = {isa = PBXBuildFile; fileRef = 2787A3532BE74547003D60D7 /* FadeViewControllerTransition.swift */; };
		2787A3562BE7472A003D60D7 /* BaseCoordinatorResultType.swift in Sources */ = {isa = PBXBuildFile; fileRef = 2787A3552BE7472A003D60D7 /* BaseCoordinatorResultType.swift */; };
		2787A3592BE7493F003D60D7 /* KeyboardHandler.swift in Sources */ = {isa = PBXBuildFile; fileRef = 2787A3582BE7493F003D60D7 /* KeyboardHandler.swift */; };
		2787A35B2BE7497A003D60D7 /* Helpers.swift in Sources */ = {isa = PBXBuildFile; fileRef = 2787A35A2BE7497A003D60D7 /* Helpers.swift */; };
		2787A3632BE74B87003D60D7 /* IconTheme.swift in Sources */ = {isa = PBXBuildFile; fileRef = 2787A35F2BE74B87003D60D7 /* IconTheme.swift */; };
		2787A3642BE74B87003D60D7 /* Light.xcassets in Resources */ = {isa = PBXBuildFile; fileRef = 2787A3602BE74B87003D60D7 /* Light.xcassets */; };
		2787A3672BE74BF6003D60D7 /* Theme.swift in Sources */ = {isa = PBXBuildFile; fileRef = 2787A3662BE74BF6003D60D7 /* Theme.swift */; };
		2787A3692BE74C84003D60D7 /* ThemeManager.swift in Sources */ = {isa = PBXBuildFile; fileRef = 2787A3682BE74C84003D60D7 /* ThemeManager.swift */; };
		2787A36E2BE74DE6003D60D7 /* String+Common.swift in Sources */ = {isa = PBXBuildFile; fileRef = 2787A36D2BE74DE6003D60D7 /* String+Common.swift */; };
		2787A3702BE74F41003D60D7 /* WKNavigationController.swift in Sources */ = {isa = PBXBuildFile; fileRef = 2787A36F2BE74F41003D60D7 /* WKNavigationController.swift */; };
		2787A3722BE75000003D60D7 /* UIColor+Extension.swift in Sources */ = {isa = PBXBuildFile; fileRef = 2787A3712BE75000003D60D7 /* UIColor+Extension.swift */; };
		2787A3762BE75328003D60D7 /* LoginCoordinator.swift in Sources */ = {isa = PBXBuildFile; fileRef = 2787A3752BE75328003D60D7 /* LoginCoordinator.swift */; };
		2787A37A2BE753B1003D60D7 /* LoginViewController.swift in Sources */ = {isa = PBXBuildFile; fileRef = 2787A3782BE753B1003D60D7 /* LoginViewController.swift */; };
		2787A37B2BE753B1003D60D7 /* LoginViewController.xib in Resources */ = {isa = PBXBuildFile; fileRef = 2787A3792BE753B1003D60D7 /* LoginViewController.xib */; };
		2787A37D2BE7547B003D60D7 /* AppCoordinator.swift in Sources */ = {isa = PBXBuildFile; fileRef = 2787A37C2BE7547B003D60D7 /* AppCoordinator.swift */; };
		2787A37F2BE75AC7003D60D7 /* LoginViewModel.swift in Sources */ = {isa = PBXBuildFile; fileRef = 2787A37E2BE75AC7003D60D7 /* LoginViewModel.swift */; };
		2787A3822BE75D07003D60D7 /* UITextField+Extension.swift in Sources */ = {isa = PBXBuildFile; fileRef = 2787A3812BE75D07003D60D7 /* UITextField+Extension.swift */; };
		2787A3842BE77EF7003D60D7 /* GameCoordinator.swift in Sources */ = {isa = PBXBuildFile; fileRef = 2787A3832BE77EF7003D60D7 /* GameCoordinator.swift */; };
		2787A3872BE78001003D60D7 /* GameViewController.swift in Sources */ = {isa = PBXBuildFile; fileRef = 2787A3852BE78001003D60D7 /* GameViewController.swift */; };
		2787A3882BE78001003D60D7 /* GameViewController.xib in Resources */ = {isa = PBXBuildFile; fileRef = 2787A3862BE78001003D60D7 /* GameViewController.xib */; };
		2787A38A2BE78402003D60D7 /* GameViewModel.swift in Sources */ = {isa = PBXBuildFile; fileRef = 2787A3892BE78402003D60D7 /* GameViewModel.swift */; };
		2787A38F2BE7B012003D60D7 /* CardType.swift in Sources */ = {isa = PBXBuildFile; fileRef = 2787A38E2BE7B012003D60D7 /* CardType.swift */; };
		2787A3922BE7B0F5003D60D7 /* CardTipCollectionView.swift in Sources */ = {isa = PBXBuildFile; fileRef = 2787A3912BE7B0F5003D60D7 /* CardTipCollectionView.swift */; };
		27AB1D432C1B259A0060A485 /* ThemeAction.swift in Sources */ = {isa = PBXBuildFile; fileRef = 27AB1D422C1B259A0060A485 /* ThemeAction.swift */; };
		27AB1D462C1B26260060A485 /* LanguageManager.swift in Sources */ = {isa = PBXBuildFile; fileRef = 27AB1D452C1B26260060A485 /* LanguageManager.swift */; };
		27AB1D4A2C1B26A10060A485 /* Enum+Language.swift in Sources */ = {isa = PBXBuildFile; fileRef = 27AB1D492C1B26A10060A485 /* Enum+Language.swift */; };
		27AB1D4C2C1B273F0060A485 /* LocalizationList.swift in Sources */ = {isa = PBXBuildFile; fileRef = 27AB1D4B2C1B273F0060A485 /* LocalizationList.swift */; };
		27AB1D4E2C1B28DD0060A485 /* String+Extension.swift in Sources */ = {isa = PBXBuildFile; fileRef = 27AB1D4D2C1B28DD0060A485 /* String+Extension.swift */; };
		27AB1D502C1F05860060A485 /* Notification+Common.swift in Sources */ = {isa = PBXBuildFile; fileRef = 27AB1D4F2C1F05860060A485 /* Notification+Common.swift */; };
		27AB1D522C1F09240060A485 /* Language+Resources.swift in Sources */ = {isa = PBXBuildFile; fileRef = 27AB1D512C1F09240060A485 /* Language+Resources.swift */; };
		27AB1D552C1F0AED0060A485 /* ColorTheme.swift in Sources */ = {isa = PBXBuildFile; fileRef = 27AB1D542C1F0AED0060A485 /* ColorTheme.swift */; };
		27AB1D592C1F0D4D0060A485 /* ThemeProxy.swift in Sources */ = {isa = PBXBuildFile; fileRef = 27AB1D582C1F0D4D0060A485 /* ThemeProxy.swift */; };
		27AB1D5B2C1F0D7F0060A485 /* Extension in Resources */ = {isa = PBXBuildFile; fileRef = 27AB1D5A2C1F0D7F0060A485 /* Extension */; };
		CE0732E52BEB1A9B00D9F8AD /* TextButtonCell.swift in Sources */ = {isa = PBXBuildFile; fileRef = CE0732E32BEB1A9B00D9F8AD /* TextButtonCell.swift */; };
		CE0732E62BEB1A9B00D9F8AD /* TextButtonCell.xib in Resources */ = {isa = PBXBuildFile; fileRef = CE0732E42BEB1A9B00D9F8AD /* TextButtonCell.xib */; };
		CE0732E82BEB1BFD00D9F8AD /* TextButtonItem.swift in Sources */ = {isa = PBXBuildFile; fileRef = CE0732E72BEB1BFD00D9F8AD /* TextButtonItem.swift */; };
		CE43A23E2BEC5383001A114C /* Utils.swift in Sources */ = {isa = PBXBuildFile; fileRef = CE43A23D2BEC5383001A114C /* Utils.swift */; };
		CE50B0E02BE9BA9F007DF8BE /* CardTipViewModel.swift in Sources */ = {isa = PBXBuildFile; fileRef = CE50B0DF2BE9BA9F007DF8BE /* CardTipViewModel.swift */; };
		CE50B0E42BE9D0D8007DF8BE /* SelectCardCollectionView.swift in Sources */ = {isa = PBXBuildFile; fileRef = CE50B0E32BE9D0D8007DF8BE /* SelectCardCollectionView.swift */; };
		CE50B0E82BE9D36E007DF8BE /* PickerCardCell.swift in Sources */ = {isa = PBXBuildFile; fileRef = CE50B0E62BE9D36E007DF8BE /* PickerCardCell.swift */; };
		CE50B0E92BE9D36E007DF8BE /* PickerCardCell.xib in Resources */ = {isa = PBXBuildFile; fileRef = CE50B0E72BE9D36E007DF8BE /* PickerCardCell.xib */; };
		CE50B0EB2BE9D5ED007DF8BE /* PickerCardItem.swift in Sources */ = {isa = PBXBuildFile; fileRef = CE50B0EA2BE9D5ED007DF8BE /* PickerCardItem.swift */; };
		CE50B0ED2BE9DEF9007DF8BE /* SelectCardViewModel.swift in Sources */ = {isa = PBXBuildFile; fileRef = CE50B0EC2BE9DEF9007DF8BE /* SelectCardViewModel.swift */; };
		CE50B0F02BEA1B23007DF8BE /* PlayerTipCollectionView.swift in Sources */ = {isa = PBXBuildFile; fileRef = CE50B0EF2BEA1B23007DF8BE /* PlayerTipCollectionView.swift */; };
		CE50B0F42BEA1C8A007DF8BE /* PlayerTipCell.swift in Sources */ = {isa = PBXBuildFile; fileRef = CE50B0F22BEA1C8A007DF8BE /* PlayerTipCell.swift */; };
		CE50B0F52BEA1C8A007DF8BE /* PlayerTipCell.xib in Resources */ = {isa = PBXBuildFile; fileRef = CE50B0F32BEA1C8A007DF8BE /* PlayerTipCell.xib */; };
		CE50B0F72BEA20A3007DF8BE /* PlayerTipItem.swift in Sources */ = {isa = PBXBuildFile; fileRef = CE50B0F62BEA20A3007DF8BE /* PlayerTipItem.swift */; };
		CE50B0F92BEA3582007DF8BE /* PlayerTipViewModel.swift in Sources */ = {isa = PBXBuildFile; fileRef = CE50B0F82BEA3582007DF8BE /* PlayerTipViewModel.swift */; };
		CE50B0FB2BEA46DD007DF8BE /* GameTurnResult.swift in Sources */ = {isa = PBXBuildFile; fileRef = CE50B0FA2BEA46DD007DF8BE /* GameTurnResult.swift */; };
		CE50B0FD2BEA4BF1007DF8BE /* GameStatus.swift in Sources */ = {isa = PBXBuildFile; fileRef = CE50B0FC2BEA4BF1007DF8BE /* GameStatus.swift */; };
		CECD98EA2BE8C54B002C5FCA /* CardTipCell.swift in Sources */ = {isa = PBXBuildFile; fileRef = CECD98E82BE8C54B002C5FCA /* CardTipCell.swift */; };
		CECD98EB2BE8C54B002C5FCA /* CardTipCell.xib in Resources */ = {isa = PBXBuildFile; fileRef = CECD98E92BE8C54B002C5FCA /* CardTipCell.xib */; };
		CECD98EE2BE8C793002C5FCA /* Item.swift in Sources */ = {isa = PBXBuildFile; fileRef = CECD98ED2BE8C793002C5FCA /* Item.swift */; };
		CECD98F02BE8CC1E002C5FCA /* CardTipItem.swift in Sources */ = {isa = PBXBuildFile; fileRef = CECD98EF2BE8CC1E002C5FCA /* CardTipItem.swift */; };
/* End PBXBuildFile section */

/* Begin PBXFileReference section */
		27370C2C2BC4299800A2C133 /* viewModel_inputs_outputs.app */ = {isa = PBXFileReference; explicitFileType = wrapper.application; includeInIndex = 0; path = viewModel_inputs_outputs.app; sourceTree = BUILT_PRODUCTS_DIR; };
		27370C2F2BC4299800A2C133 /* AppDelegate.swift */ = {isa = PBXFileReference; lastKnownFileType = sourcecode.swift; path = AppDelegate.swift; sourceTree = "<group>"; };
		27370C312BC4299800A2C133 /* SceneDelegate.swift */ = {isa = PBXFileReference; lastKnownFileType = sourcecode.swift; path = SceneDelegate.swift; sourceTree = "<group>"; };
		27370C382BC4299900A2C133 /* Assets.xcassets */ = {isa = PBXFileReference; lastKnownFileType = folder.assetcatalog; path = Assets.xcassets; sourceTree = "<group>"; };
		27370C3B2BC4299900A2C133 /* Base */ = {isa = PBXFileReference; lastKnownFileType = file.storyboard; name = Base; path = Base.lproj/LaunchScreen.storyboard; sourceTree = "<group>"; };
		27370C3D2BC4299900A2C133 /* Info.plist */ = {isa = PBXFileReference; lastKnownFileType = text.plist.xml; path = Info.plist; sourceTree = "<group>"; };
		2787A34F2BE743B3003D60D7 /* BaseCoordinator.swift */ = {isa = PBXFileReference; lastKnownFileType = sourcecode.swift; path = BaseCoordinator.swift; sourceTree = "<group>"; };
		2787A3512BE74464003D60D7 /* BaseViewController.swift */ = {isa = PBXFileReference; lastKnownFileType = sourcecode.swift; path = BaseViewController.swift; sourceTree = "<group>"; };
		2787A3532BE74547003D60D7 /* FadeViewControllerTransition.swift */ = {isa = PBXFileReference; lastKnownFileType = sourcecode.swift; path = FadeViewControllerTransition.swift; sourceTree = "<group>"; };
		2787A3552BE7472A003D60D7 /* BaseCoordinatorResultType.swift */ = {isa = PBXFileReference; lastKnownFileType = sourcecode.swift; path = BaseCoordinatorResultType.swift; sourceTree = "<group>"; };
		2787A3582BE7493F003D60D7 /* KeyboardHandler.swift */ = {isa = PBXFileReference; lastKnownFileType = sourcecode.swift; path = KeyboardHandler.swift; sourceTree = "<group>"; };
		2787A35A2BE7497A003D60D7 /* Helpers.swift */ = {isa = PBXFileReference; lastKnownFileType = sourcecode.swift; path = Helpers.swift; sourceTree = "<group>"; };
		2787A35F2BE74B87003D60D7 /* IconTheme.swift */ = {isa = PBXFileReference; fileEncoding = 4; lastKnownFileType = sourcecode.swift; path = IconTheme.swift; sourceTree = "<group>"; };
		2787A3602BE74B87003D60D7 /* Light.xcassets */ = {isa = PBXFileReference; lastKnownFileType = folder.assetcatalog; path = Light.xcassets; sourceTree = "<group>"; };
		2787A3662BE74BF6003D60D7 /* Theme.swift */ = {isa = PBXFileReference; lastKnownFileType = sourcecode.swift; path = Theme.swift; sourceTree = "<group>"; };
		2787A3682BE74C84003D60D7 /* ThemeManager.swift */ = {isa = PBXFileReference; lastKnownFileType = sourcecode.swift; path = ThemeManager.swift; sourceTree = "<group>"; };
		2787A36D2BE74DE6003D60D7 /* String+Common.swift */ = {isa = PBXFileReference; lastKnownFileType = sourcecode.swift; path = "String+Common.swift"; sourceTree = "<group>"; };
		2787A36F2BE74F41003D60D7 /* WKNavigationController.swift */ = {isa = PBXFileReference; lastKnownFileType = sourcecode.swift; path = WKNavigationController.swift; sourceTree = "<group>"; };
		2787A3712BE75000003D60D7 /* UIColor+Extension.swift */ = {isa = PBXFileReference; lastKnownFileType = sourcecode.swift; path = "UIColor+Extension.swift"; sourceTree = "<group>"; };
		2787A3752BE75328003D60D7 /* LoginCoordinator.swift */ = {isa = PBXFileReference; lastKnownFileType = sourcecode.swift; path = LoginCoordinator.swift; sourceTree = "<group>"; };
		2787A3782BE753B1003D60D7 /* LoginViewController.swift */ = {isa = PBXFileReference; lastKnownFileType = sourcecode.swift; path = LoginViewController.swift; sourceTree = "<group>"; };
		2787A3792BE753B1003D60D7 /* LoginViewController.xib */ = {isa = PBXFileReference; lastKnownFileType = file.xib; path = LoginViewController.xib; sourceTree = "<group>"; };
		2787A37C2BE7547B003D60D7 /* AppCoordinator.swift */ = {isa = PBXFileReference; lastKnownFileType = sourcecode.swift; path = AppCoordinator.swift; sourceTree = "<group>"; };
		2787A37E2BE75AC7003D60D7 /* LoginViewModel.swift */ = {isa = PBXFileReference; lastKnownFileType = sourcecode.swift; path = LoginViewModel.swift; sourceTree = "<group>"; };
		2787A3812BE75D07003D60D7 /* UITextField+Extension.swift */ = {isa = PBXFileReference; lastKnownFileType = sourcecode.swift; path = "UITextField+Extension.swift"; sourceTree = "<group>"; };
		2787A3832BE77EF7003D60D7 /* GameCoordinator.swift */ = {isa = PBXFileReference; lastKnownFileType = sourcecode.swift; path = GameCoordinator.swift; sourceTree = "<group>"; };
		2787A3852BE78001003D60D7 /* GameViewController.swift */ = {isa = PBXFileReference; lastKnownFileType = sourcecode.swift; path = GameViewController.swift; sourceTree = "<group>"; };
		2787A3862BE78001003D60D7 /* GameViewController.xib */ = {isa = PBXFileReference; lastKnownFileType = file.xib; path = GameViewController.xib; sourceTree = "<group>"; };
		2787A3892BE78402003D60D7 /* GameViewModel.swift */ = {isa = PBXFileReference; lastKnownFileType = sourcecode.swift; path = GameViewModel.swift; sourceTree = "<group>"; };
		2787A38E2BE7B012003D60D7 /* CardType.swift */ = {isa = PBXFileReference; lastKnownFileType = sourcecode.swift; path = CardType.swift; sourceTree = "<group>"; };
		2787A3912BE7B0F5003D60D7 /* CardTipCollectionView.swift */ = {isa = PBXFileReference; lastKnownFileType = sourcecode.swift; path = CardTipCollectionView.swift; sourceTree = "<group>"; };
		27AB1D422C1B259A0060A485 /* ThemeAction.swift */ = {isa = PBXFileReference; lastKnownFileType = sourcecode.swift; path = ThemeAction.swift; sourceTree = "<group>"; };
		27AB1D452C1B26260060A485 /* LanguageManager.swift */ = {isa = PBXFileReference; lastKnownFileType = sourcecode.swift; path = LanguageManager.swift; sourceTree = "<group>"; };
		27AB1D492C1B26A10060A485 /* Enum+Language.swift */ = {isa = PBXFileReference; lastKnownFileType = sourcecode.swift; path = "Enum+Language.swift"; sourceTree = "<group>"; };
		27AB1D4B2C1B273F0060A485 /* LocalizationList.swift */ = {isa = PBXFileReference; lastKnownFileType = sourcecode.swift; path = LocalizationList.swift; sourceTree = "<group>"; };
		27AB1D4D2C1B28DD0060A485 /* String+Extension.swift */ = {isa = PBXFileReference; lastKnownFileType = sourcecode.swift; path = "String+Extension.swift"; sourceTree = "<group>"; };
		27AB1D4F2C1F05860060A485 /* Notification+Common.swift */ = {isa = PBXFileReference; lastKnownFileType = sourcecode.swift; path = "Notification+Common.swift"; sourceTree = "<group>"; };
		27AB1D512C1F09240060A485 /* Language+Resources.swift */ = {isa = PBXFileReference; lastKnownFileType = sourcecode.swift; path = "Language+Resources.swift"; sourceTree = "<group>"; };
		27AB1D542C1F0AED0060A485 /* ColorTheme.swift */ = {isa = PBXFileReference; lastKnownFileType = sourcecode.swift; path = ColorTheme.swift; sourceTree = "<group>"; };
		27AB1D582C1F0D4D0060A485 /* ThemeProxy.swift */ = {isa = PBXFileReference; fileEncoding = 4; lastKnownFileType = sourcecode.swift; path = ThemeProxy.swift; sourceTree = "<group>"; };
		27AB1D5A2C1F0D7F0060A485 /* Extension */ = {isa = PBXFileReference; lastKnownFileType = folder; path = Extension; sourceTree = "<group>"; };
		CE0732E32BEB1A9B00D9F8AD /* TextButtonCell.swift */ = {isa = PBXFileReference; lastKnownFileType = sourcecode.swift; path = TextButtonCell.swift; sourceTree = "<group>"; };
		CE0732E42BEB1A9B00D9F8AD /* TextButtonCell.xib */ = {isa = PBXFileReference; lastKnownFileType = file.xib; path = TextButtonCell.xib; sourceTree = "<group>"; };
		CE0732E72BEB1BFD00D9F8AD /* TextButtonItem.swift */ = {isa = PBXFileReference; lastKnownFileType = sourcecode.swift; path = TextButtonItem.swift; sourceTree = "<group>"; };
		CE43A23D2BEC5383001A114C /* Utils.swift */ = {isa = PBXFileReference; lastKnownFileType = sourcecode.swift; path = Utils.swift; sourceTree = "<group>"; };
		CE50B0DF2BE9BA9F007DF8BE /* CardTipViewModel.swift */ = {isa = PBXFileReference; lastKnownFileType = sourcecode.swift; path = CardTipViewModel.swift; sourceTree = "<group>"; };
		CE50B0E32BE9D0D8007DF8BE /* SelectCardCollectionView.swift */ = {isa = PBXFileReference; lastKnownFileType = sourcecode.swift; path = SelectCardCollectionView.swift; sourceTree = "<group>"; };
		CE50B0E62BE9D36E007DF8BE /* PickerCardCell.swift */ = {isa = PBXFileReference; lastKnownFileType = sourcecode.swift; path = PickerCardCell.swift; sourceTree = "<group>"; };
		CE50B0E72BE9D36E007DF8BE /* PickerCardCell.xib */ = {isa = PBXFileReference; lastKnownFileType = file.xib; path = PickerCardCell.xib; sourceTree = "<group>"; };
		CE50B0EA2BE9D5ED007DF8BE /* PickerCardItem.swift */ = {isa = PBXFileReference; lastKnownFileType = sourcecode.swift; path = PickerCardItem.swift; sourceTree = "<group>"; };
		CE50B0EC2BE9DEF9007DF8BE /* SelectCardViewModel.swift */ = {isa = PBXFileReference; lastKnownFileType = sourcecode.swift; path = SelectCardViewModel.swift; sourceTree = "<group>"; };
		CE50B0EF2BEA1B23007DF8BE /* PlayerTipCollectionView.swift */ = {isa = PBXFileReference; lastKnownFileType = sourcecode.swift; path = PlayerTipCollectionView.swift; sourceTree = "<group>"; };
		CE50B0F22BEA1C8A007DF8BE /* PlayerTipCell.swift */ = {isa = PBXFileReference; lastKnownFileType = sourcecode.swift; path = PlayerTipCell.swift; sourceTree = "<group>"; };
		CE50B0F32BEA1C8A007DF8BE /* PlayerTipCell.xib */ = {isa = PBXFileReference; lastKnownFileType = file.xib; path = PlayerTipCell.xib; sourceTree = "<group>"; };
		CE50B0F62BEA20A3007DF8BE /* PlayerTipItem.swift */ = {isa = PBXFileReference; lastKnownFileType = sourcecode.swift; path = PlayerTipItem.swift; sourceTree = "<group>"; };
		CE50B0F82BEA3582007DF8BE /* PlayerTipViewModel.swift */ = {isa = PBXFileReference; lastKnownFileType = sourcecode.swift; path = PlayerTipViewModel.swift; sourceTree = "<group>"; };
		CE50B0FA2BEA46DD007DF8BE /* GameTurnResult.swift */ = {isa = PBXFileReference; lastKnownFileType = sourcecode.swift; path = GameTurnResult.swift; sourceTree = "<group>"; };
		CE50B0FC2BEA4BF1007DF8BE /* GameStatus.swift */ = {isa = PBXFileReference; lastKnownFileType = sourcecode.swift; path = GameStatus.swift; sourceTree = "<group>"; };
		CECD98E82BE8C54B002C5FCA /* CardTipCell.swift */ = {isa = PBXFileReference; lastKnownFileType = sourcecode.swift; path = CardTipCell.swift; sourceTree = "<group>"; };
		CECD98E92BE8C54B002C5FCA /* CardTipCell.xib */ = {isa = PBXFileReference; lastKnownFileType = file.xib; path = CardTipCell.xib; sourceTree = "<group>"; };
		CECD98ED2BE8C793002C5FCA /* Item.swift */ = {isa = PBXFileReference; lastKnownFileType = sourcecode.swift; path = Item.swift; sourceTree = "<group>"; };
		CECD98EF2BE8CC1E002C5FCA /* CardTipItem.swift */ = {isa = PBXFileReference; lastKnownFileType = sourcecode.swift; path = CardTipItem.swift; sourceTree = "<group>"; };
/* End PBXFileReference section */

/* Begin PBXFrameworksBuildPhase section */
		27370C292BC4299800A2C133 /* Frameworks */ = {
			isa = PBXFrameworksBuildPhase;
			buildActionMask = 2147483647;
			files = (
			);
			runOnlyForDeploymentPostprocessing = 0;
		};
/* End PBXFrameworksBuildPhase section */

/* Begin PBXGroup section */
		27370C232BC4299800A2C133 = {
			isa = PBXGroup;
			children = (
				27370C2E2BC4299800A2C133 /* viewModel_inputs_outputs */,
				27370C2D2BC4299800A2C133 /* Products */,
			);
			sourceTree = "<group>";
		};
		27370C2D2BC4299800A2C133 /* Products */ = {
			isa = PBXGroup;
			children = (
				27370C2C2BC4299800A2C133 /* viewModel_inputs_outputs.app */,
			);
			name = Products;
			sourceTree = "<group>";
		};
		27370C2E2BC4299800A2C133 /* viewModel_inputs_outputs */ = {
			isa = PBXGroup;
			children = (
				2787A3652BE74BDB003D60D7 /* Theme */,
				2787A35C2BE74B34003D60D7 /* Resources */,
				2787A34C2BE7432E003D60D7 /* Pages */,
				2787A34E2BE74390003D60D7 /* PageFrame */,
				2787A34D2BE7433F003D60D7 /* CommonUI */,
				2787A34B2BE74328003D60D7 /* Extension */,
				2787A3572BE7487E003D60D7 /* Utils */,
				27370C2F2BC4299800A2C133 /* AppDelegate.swift */,
				27370C312BC4299800A2C133 /* SceneDelegate.swift */,
				27370C382BC4299900A2C133 /* Assets.xcassets */,
				27370C3A2BC4299900A2C133 /* LaunchScreen.storyboard */,
				27370C3D2BC4299900A2C133 /* Info.plist */,
			);
			path = viewModel_inputs_outputs;
			sourceTree = "<group>";
		};
		2787A34B2BE74328003D60D7 /* Extension */ = {
			isa = PBXGroup;
			children = (
				2787A3712BE75000003D60D7 /* UIColor+Extension.swift */,
				27AB1D4D2C1B28DD0060A485 /* String+Extension.swift */,
				27AB1D4F2C1F05860060A485 /* Notification+Common.swift */,
			);
			path = Extension;
			sourceTree = "<group>";
		};
		2787A34C2BE7432E003D60D7 /* Pages */ = {
			isa = PBXGroup;
			children = (
				2787A3732BE75236003D60D7 /* Login */,
				2787A3742BE7523C003D60D7 /* Game */,
				2787A37C2BE7547B003D60D7 /* AppCoordinator.swift */,
			);
			path = Pages;
			sourceTree = "<group>";
		};
		2787A34D2BE7433F003D60D7 /* CommonUI */ = {
			isa = PBXGroup;
			children = (
				CECD98EC2BE8C77D002C5FCA /* UICollectionView */,
				2787A3802BE75CF7003D60D7 /* UITextField */,
				2787A3532BE74547003D60D7 /* FadeViewControllerTransition.swift */,
				2787A36D2BE74DE6003D60D7 /* String+Common.swift */,
			);
			path = CommonUI;
			sourceTree = "<group>";
		};
		2787A34E2BE74390003D60D7 /* PageFrame */ = {
			isa = PBXGroup;
			children = (
				2787A34F2BE743B3003D60D7 /* BaseCoordinator.swift */,
				2787A3512BE74464003D60D7 /* BaseViewController.swift */,
				2787A3552BE7472A003D60D7 /* BaseCoordinatorResultType.swift */,
				2787A36F2BE74F41003D60D7 /* WKNavigationController.swift */,
			);
			path = PageFrame;
			sourceTree = "<group>";
		};
		2787A3572BE7487E003D60D7 /* Utils */ = {
			isa = PBXGroup;
			children = (
				2787A3582BE7493F003D60D7 /* KeyboardHandler.swift */,
				2787A35A2BE7497A003D60D7 /* Helpers.swift */,
				CE43A23D2BEC5383001A114C /* Utils.swift */,
			);
			path = Utils;
			sourceTree = "<group>";
		};
		2787A35C2BE74B34003D60D7 /* Resources */ = {
			isa = PBXGroup;
			children = (
				2787A35F2BE74B87003D60D7 /* IconTheme.swift */,
				2787A3602BE74B87003D60D7 /* Light.xcassets */,
			);
			path = Resources;
			sourceTree = "<group>";
		};
		2787A3652BE74BDB003D60D7 /* Theme */ = {
			isa = PBXGroup;
			children = (
				27AB1D5A2C1F0D7F0060A485 /* Extension */,
				27AB1D442C1B25FC0060A485 /* Language */,
				27AB1D532C1F0AD60060A485 /* Color */,
				2787A3662BE74BF6003D60D7 /* Theme.swift */,
				2787A3682BE74C84003D60D7 /* ThemeManager.swift */,
				27AB1D422C1B259A0060A485 /* ThemeAction.swift */,
				27AB1D582C1F0D4D0060A485 /* ThemeProxy.swift */,
			);
			path = Theme;
			sourceTree = "<group>";
		};
		2787A3732BE75236003D60D7 /* Login */ = {
			isa = PBXGroup;
			children = (
				2787A3752BE75328003D60D7 /* LoginCoordinator.swift */,
				2787A3782BE753B1003D60D7 /* LoginViewController.swift */,
				2787A3792BE753B1003D60D7 /* LoginViewController.xib */,
				2787A37E2BE75AC7003D60D7 /* LoginViewModel.swift */,
			);
			path = Login;
			sourceTree = "<group>";
		};
		2787A3742BE7523C003D60D7 /* Game */ = {
			isa = PBXGroup;
			children = (
				2787A38D2BE7AFD6003D60D7 /* Data */,
				2787A38B2BE7AF80003D60D7 /* View */,
				CE50B0DE2BE9BA87007DF8BE /* ViewModel */,
				2787A3832BE77EF7003D60D7 /* GameCoordinator.swift */,
				2787A3852BE78001003D60D7 /* GameViewController.swift */,
				2787A3862BE78001003D60D7 /* GameViewController.xib */,
				2787A3892BE78402003D60D7 /* GameViewModel.swift */,
			);
			path = Game;
			sourceTree = "<group>";
		};
		2787A3802BE75CF7003D60D7 /* UITextField */ = {
			isa = PBXGroup;
			children = (
				2787A3812BE75D07003D60D7 /* UITextField+Extension.swift */,
			);
			path = UITextField;
			sourceTree = "<group>";
		};
		2787A38B2BE7AF80003D60D7 /* View */ = {
			isa = PBXGroup;
			children = (
				2787A38C2BE7AF8B003D60D7 /* CollectionView */,
			);
			path = View;
			sourceTree = "<group>";
		};
		2787A38C2BE7AF8B003D60D7 /* CollectionView */ = {
			isa = PBXGroup;
			children = (
				CE50B0EE2BEA1B06007DF8BE /* PlayerTip */,
				CE50B0E12BE9D0A5007DF8BE /* SelectCard */,
				2787A3902BE7B0DB003D60D7 /* CardTip */,
			);
			path = CollectionView;
			sourceTree = "<group>";
		};
		2787A38D2BE7AFD6003D60D7 /* Data */ = {
			isa = PBXGroup;
			children = (
				2787A38E2BE7B012003D60D7 /* CardType.swift */,
				CE50B0FA2BEA46DD007DF8BE /* GameTurnResult.swift */,
				CE50B0FC2BEA4BF1007DF8BE /* GameStatus.swift */,
			);
			path = Data;
			sourceTree = "<group>";
		};
		2787A3902BE7B0DB003D60D7 /* CardTip */ = {
			isa = PBXGroup;
			children = (
				CECD98E72BE8C318002C5FCA /* Cell */,
				2787A3912BE7B0F5003D60D7 /* CardTipCollectionView.swift */,
			);
			path = CardTip;
			sourceTree = "<group>";
		};
		27AB1D442C1B25FC0060A485 /* Language */ = {
			isa = PBXGroup;
			children = (
				27AB1D452C1B26260060A485 /* LanguageManager.swift */,
				27AB1D492C1B26A10060A485 /* Enum+Language.swift */,
				27AB1D4B2C1B273F0060A485 /* LocalizationList.swift */,
				27AB1D512C1F09240060A485 /* Language+Resources.swift */,
			);
			path = Language;
			sourceTree = "<group>";
		};
		27AB1D532C1F0AD60060A485 /* Color */ = {
			isa = PBXGroup;
			children = (
				27AB1D542C1F0AED0060A485 /* ColorTheme.swift */,
			);
			path = Color;
			sourceTree = "<group>";
		};
		CE50B0DE2BE9BA87007DF8BE /* ViewModel */ = {
			isa = PBXGroup;
			children = (
				CE50B0DF2BE9BA9F007DF8BE /* CardTipViewModel.swift */,
				CE50B0EC2BE9DEF9007DF8BE /* SelectCardViewModel.swift */,
				CE50B0F82BEA3582007DF8BE /* PlayerTipViewModel.swift */,
			);
			path = ViewModel;
			sourceTree = "<group>";
		};
		CE50B0E12BE9D0A5007DF8BE /* SelectCard */ = {
			isa = PBXGroup;
			children = (
				CE50B0E52BE9D32F007DF8BE /* Cell */,
				CE50B0E32BE9D0D8007DF8BE /* SelectCardCollectionView.swift */,
			);
			path = SelectCard;
			sourceTree = "<group>";
		};
		CE50B0E52BE9D32F007DF8BE /* Cell */ = {
			isa = PBXGroup;
			children = (
				CE50B0E62BE9D36E007DF8BE /* PickerCardCell.swift */,
				CE50B0E72BE9D36E007DF8BE /* PickerCardCell.xib */,
				CE50B0EA2BE9D5ED007DF8BE /* PickerCardItem.swift */,
			);
			path = Cell;
			sourceTree = "<group>";
		};
		CE50B0EE2BEA1B06007DF8BE /* PlayerTip */ = {
			isa = PBXGroup;
			children = (
				CE50B0F12BEA1B5C007DF8BE /* Cell */,
				CE50B0EF2BEA1B23007DF8BE /* PlayerTipCollectionView.swift */,
			);
			path = PlayerTip;
			sourceTree = "<group>";
		};
		CE50B0F12BEA1B5C007DF8BE /* Cell */ = {
			isa = PBXGroup;
			children = (
				CE50B0F22BEA1C8A007DF8BE /* PlayerTipCell.swift */,
				CE50B0F32BEA1C8A007DF8BE /* PlayerTipCell.xib */,
				CE50B0F62BEA20A3007DF8BE /* PlayerTipItem.swift */,
				CE0732E32BEB1A9B00D9F8AD /* TextButtonCell.swift */,
				CE0732E42BEB1A9B00D9F8AD /* TextButtonCell.xib */,
				CE0732E72BEB1BFD00D9F8AD /* TextButtonItem.swift */,
			);
			path = Cell;
			sourceTree = "<group>";
		};
		CECD98E72BE8C318002C5FCA /* Cell */ = {
			isa = PBXGroup;
			children = (
				CECD98E82BE8C54B002C5FCA /* CardTipCell.swift */,
				CECD98E92BE8C54B002C5FCA /* CardTipCell.xib */,
				CECD98EF2BE8CC1E002C5FCA /* CardTipItem.swift */,
			);
			path = Cell;
			sourceTree = "<group>";
		};
		CECD98EC2BE8C77D002C5FCA /* UICollectionView */ = {
			isa = PBXGroup;
			children = (
				CECD98ED2BE8C793002C5FCA /* Item.swift */,
			);
			path = UICollectionView;
			sourceTree = "<group>";
		};
/* End PBXGroup section */

/* Begin PBXNativeTarget section */
		27370C2B2BC4299800A2C133 /* viewModel_inputs_outputs */ = {
			isa = PBXNativeTarget;
			buildConfigurationList = 27370C402BC4299900A2C133 /* Build configuration list for PBXNativeTarget "viewModel_inputs_outputs" */;
			buildPhases = (
				27370C282BC4299800A2C133 /* Sources */,
				27370C292BC4299800A2C133 /* Frameworks */,
				27370C2A2BC4299800A2C133 /* Resources */,
			);
			buildRules = (
			);
			dependencies = (
			);
			name = viewModel_inputs_outputs;
			productName = viewModel_inputs_outputs;
			productReference = 27370C2C2BC4299800A2C133 /* viewModel_inputs_outputs.app */;
			productType = "com.apple.product-type.application";
		};
/* End PBXNativeTarget section */

/* Begin PBXProject section */
		27370C242BC4299800A2C133 /* Project object */ = {
			isa = PBXProject;
			attributes = {
				BuildIndependentTargetsInParallel = 1;
				LastSwiftUpdateCheck = 1520;
				LastUpgradeCheck = 1520;
				TargetAttributes = {
					27370C2B2BC4299800A2C133 = {
						CreatedOnToolsVersion = 15.2;
					};
				};
			};
			buildConfigurationList = 27370C272BC4299800A2C133 /* Build configuration list for PBXProject "viewModel_inputs_outputs" */;
			compatibilityVersion = "Xcode 14.0";
			developmentRegion = en;
			hasScannedForEncodings = 0;
			knownRegions = (
				en,
				Base,
			);
			mainGroup = 27370C232BC4299800A2C133;
			productRefGroup = 27370C2D2BC4299800A2C133 /* Products */;
			projectDirPath = "";
			projectRoot = "";
			targets = (
				27370C2B2BC4299800A2C133 /* viewModel_inputs_outputs */,
			);
		};
/* End PBXProject section */

/* Begin PBXResourcesBuildPhase section */
		27370C2A2BC4299800A2C133 /* Resources */ = {
			isa = PBXResourcesBuildPhase;
			buildActionMask = 2147483647;
			files = (
				CECD98EB2BE8C54B002C5FCA /* CardTipCell.xib in Resources */,
				CE50B0F52BEA1C8A007DF8BE /* PlayerTipCell.xib in Resources */,
				2787A37B2BE753B1003D60D7 /* LoginViewController.xib in Resources */,
				27370C3C2BC4299900A2C133 /* LaunchScreen.storyboard in Resources */,
				27AB1D5B2C1F0D7F0060A485 /* Extension in Resources */,
				CE50B0E92BE9D36E007DF8BE /* PickerCardCell.xib in Resources */,
				2787A3882BE78001003D60D7 /* GameViewController.xib in Resources */,
				CE0732E62BEB1A9B00D9F8AD /* TextButtonCell.xib in Resources */,
				27370C392BC4299900A2C133 /* Assets.xcassets in Resources */,
				2787A3642BE74B87003D60D7 /* Light.xcassets in Resources */,
			);
			runOnlyForDeploymentPostprocessing = 0;
		};
/* End PBXResourcesBuildPhase section */

/* Begin PBXSourcesBuildPhase section */
		27370C282BC4299800A2C133 /* Sources */ = {
			isa = PBXSourcesBuildPhase;
			buildActionMask = 2147483647;
			files = (
				27AB1D592C1F0D4D0060A485 /* ThemeProxy.swift in Sources */,
				2787A3542BE74547003D60D7 /* FadeViewControllerTransition.swift in Sources */,
				CE50B0E02BE9BA9F007DF8BE /* CardTipViewModel.swift in Sources */,
				CE50B0FD2BEA4BF1007DF8BE /* GameStatus.swift in Sources */,
				2787A3922BE7B0F5003D60D7 /* CardTipCollectionView.swift in Sources */,
				2787A36E2BE74DE6003D60D7 /* String+Common.swift in Sources */,
				2787A3522BE74464003D60D7 /* BaseViewController.swift in Sources */,
				2787A3842BE77EF7003D60D7 /* GameCoordinator.swift in Sources */,
				2787A3702BE74F41003D60D7 /* WKNavigationController.swift in Sources */,
				2787A38F2BE7B012003D60D7 /* CardType.swift in Sources */,
				27AB1D432C1B259A0060A485 /* ThemeAction.swift in Sources */,
				2787A3822BE75D07003D60D7 /* UITextField+Extension.swift in Sources */,
				CE50B0F42BEA1C8A007DF8BE /* PlayerTipCell.swift in Sources */,
				27370C302BC4299800A2C133 /* AppDelegate.swift in Sources */,
				CECD98EE2BE8C793002C5FCA /* Item.swift in Sources */,
				2787A37D2BE7547B003D60D7 /* AppCoordinator.swift in Sources */,
				27AB1D502C1F05860060A485 /* Notification+Common.swift in Sources */,
				CECD98EA2BE8C54B002C5FCA /* CardTipCell.swift in Sources */,
				2787A38A2BE78402003D60D7 /* GameViewModel.swift in Sources */,
				CE43A23E2BEC5383001A114C /* Utils.swift in Sources */,
				2787A3672BE74BF6003D60D7 /* Theme.swift in Sources */,
				2787A35B2BE7497A003D60D7 /* Helpers.swift in Sources */,
				CE50B0F92BEA3582007DF8BE /* PlayerTipViewModel.swift in Sources */,
				CE50B0FB2BEA46DD007DF8BE /* GameTurnResult.swift in Sources */,
				CE50B0E82BE9D36E007DF8BE /* PickerCardCell.swift in Sources */,
				2787A3632BE74B87003D60D7 /* IconTheme.swift in Sources */,
				CE0732E82BEB1BFD00D9F8AD /* TextButtonItem.swift in Sources */,
				2787A3722BE75000003D60D7 /* UIColor+Extension.swift in Sources */,
				27370C322BC4299800A2C133 /* SceneDelegate.swift in Sources */,
				2787A3502BE743B3003D60D7 /* BaseCoordinator.swift in Sources */,
				CE50B0F72BEA20A3007DF8BE /* PlayerTipItem.swift in Sources */,
				27AB1D4A2C1B26A10060A485 /* Enum+Language.swift in Sources */,
				CE50B0EB2BE9D5ED007DF8BE /* PickerCardItem.swift in Sources */,
				2787A3562BE7472A003D60D7 /* BaseCoordinatorResultType.swift in Sources */,
				2787A37A2BE753B1003D60D7 /* LoginViewController.swift in Sources */,
				CECD98F02BE8CC1E002C5FCA /* CardTipItem.swift in Sources */,
				CE50B0E42BE9D0D8007DF8BE /* SelectCardCollectionView.swift in Sources */,
				CE0732E52BEB1A9B00D9F8AD /* TextButtonCell.swift in Sources */,
				27AB1D552C1F0AED0060A485 /* ColorTheme.swift in Sources */,
				27AB1D462C1B26260060A485 /* LanguageManager.swift in Sources */,
				27AB1D4C2C1B273F0060A485 /* LocalizationList.swift in Sources */,
				27AB1D522C1F09240060A485 /* Language+Resources.swift in Sources */,
				27AB1D4E2C1B28DD0060A485 /* String+Extension.swift in Sources */,
				CE50B0F02BEA1B23007DF8BE /* PlayerTipCollectionView.swift in Sources */,
				2787A3592BE7493F003D60D7 /* KeyboardHandler.swift in Sources */,
				CE50B0ED2BE9DEF9007DF8BE /* SelectCardViewModel.swift in Sources */,
				2787A3762BE75328003D60D7 /* LoginCoordinator.swift in Sources */,
				2787A37F2BE75AC7003D60D7 /* LoginViewModel.swift in Sources */,
				2787A3872BE78001003D60D7 /* GameViewController.swift in Sources */,
				2787A3692BE74C84003D60D7 /* ThemeManager.swift in Sources */,
			);
			runOnlyForDeploymentPostprocessing = 0;
		};
/* End PBXSourcesBuildPhase section */

/* Begin PBXVariantGroup section */
		27370C3A2BC4299900A2C133 /* LaunchScreen.storyboard */ = {
			isa = PBXVariantGroup;
			children = (
				27370C3B2BC4299900A2C133 /* Base */,
			);
			name = LaunchScreen.storyboard;
			sourceTree = "<group>";
		};
/* End PBXVariantGroup section */

/* Begin XCBuildConfiguration section */
		27370C3E2BC4299900A2C133 /* Debug */ = {
			isa = XCBuildConfiguration;
			buildSettings = {
				ALWAYS_SEARCH_USER_PATHS = NO;
				ASSETCATALOG_COMPILER_GENERATE_SWIFT_ASSET_SYMBOL_EXTENSIONS = YES;
				CLANG_ANALYZER_NONNULL = YES;
				CLANG_ANALYZER_NUMBER_OBJECT_CONVERSION = YES_AGGRESSIVE;
				CLANG_CXX_LANGUAGE_STANDARD = "gnu++20";
				CLANG_ENABLE_MODULES = YES;
				CLANG_ENABLE_OBJC_ARC = YES;
				CLANG_ENABLE_OBJC_WEAK = YES;
				CLANG_WARN_BLOCK_CAPTURE_AUTORELEASING = YES;
				CLANG_WARN_BOOL_CONVERSION = YES;
				CLANG_WARN_COMMA = YES;
				CLANG_WARN_CONSTANT_CONVERSION = YES;
				CLANG_WARN_DEPRECATED_OBJC_IMPLEMENTATIONS = YES;
				CLANG_WARN_DIRECT_OBJC_ISA_USAGE = YES_ERROR;
				CLANG_WARN_DOCUMENTATION_COMMENTS = YES;
				CLANG_WARN_EMPTY_BODY = YES;
				CLANG_WARN_ENUM_CONVERSION = YES;
				CLANG_WARN_INFINITE_RECURSION = YES;
				CLANG_WARN_INT_CONVERSION = YES;
				CLANG_WARN_NON_LITERAL_NULL_CONVERSION = YES;
				CLANG_WARN_OBJC_IMPLICIT_RETAIN_SELF = YES;
				CLANG_WARN_OBJC_LITERAL_CONVERSION = YES;
				CLANG_WARN_OBJC_ROOT_CLASS = YES_ERROR;
				CLANG_WARN_QUOTED_INCLUDE_IN_FRAMEWORK_HEADER = YES;
				CLANG_WARN_RANGE_LOOP_ANALYSIS = YES;
				CLANG_WARN_STRICT_PROTOTYPES = YES;
				CLANG_WARN_SUSPICIOUS_MOVE = YES;
				CLANG_WARN_UNGUARDED_AVAILABILITY = YES_AGGRESSIVE;
				CLANG_WARN_UNREACHABLE_CODE = YES;
				CLANG_WARN__DUPLICATE_METHOD_MATCH = YES;
				COPY_PHASE_STRIP = NO;
				DEBUG_INFORMATION_FORMAT = dwarf;
				ENABLE_STRICT_OBJC_MSGSEND = YES;
				ENABLE_TESTABILITY = YES;
				ENABLE_USER_SCRIPT_SANDBOXING = YES;
				GCC_C_LANGUAGE_STANDARD = gnu17;
				GCC_DYNAMIC_NO_PIC = NO;
				GCC_NO_COMMON_BLOCKS = YES;
				GCC_OPTIMIZATION_LEVEL = 0;
				GCC_PREPROCESSOR_DEFINITIONS = (
					"DEBUG=1",
					"$(inherited)",
				);
				GCC_WARN_64_TO_32_BIT_CONVERSION = YES;
				GCC_WARN_ABOUT_RETURN_TYPE = YES_ERROR;
				GCC_WARN_UNDECLARED_SELECTOR = YES;
				GCC_WARN_UNINITIALIZED_AUTOS = YES_AGGRESSIVE;
				GCC_WARN_UNUSED_FUNCTION = YES;
				GCC_WARN_UNUSED_VARIABLE = YES;
				IPHONEOS_DEPLOYMENT_TARGET = 17.2;
				LOCALIZATION_PREFERS_STRING_CATALOGS = YES;
				MTL_ENABLE_DEBUG_INFO = INCLUDE_SOURCE;
				MTL_FAST_MATH = YES;
				ONLY_ACTIVE_ARCH = YES;
				SDKROOT = iphoneos;
				SWIFT_ACTIVE_COMPILATION_CONDITIONS = "DEBUG $(inherited)";
				SWIFT_OPTIMIZATION_LEVEL = "-Onone";
			};
			name = Debug;
		};
		27370C3F2BC4299900A2C133 /* Release */ = {
			isa = XCBuildConfiguration;
			buildSettings = {
				ALWAYS_SEARCH_USER_PATHS = NO;
				ASSETCATALOG_COMPILER_GENERATE_SWIFT_ASSET_SYMBOL_EXTENSIONS = YES;
				CLANG_ANALYZER_NONNULL = YES;
				CLANG_ANALYZER_NUMBER_OBJECT_CONVERSION = YES_AGGRESSIVE;
				CLANG_CXX_LANGUAGE_STANDARD = "gnu++20";
				CLANG_ENABLE_MODULES = YES;
				CLANG_ENABLE_OBJC_ARC = YES;
				CLANG_ENABLE_OBJC_WEAK = YES;
				CLANG_WARN_BLOCK_CAPTURE_AUTORELEASING = YES;
				CLANG_WARN_BOOL_CONVERSION = YES;
				CLANG_WARN_COMMA = YES;
				CLANG_WARN_CONSTANT_CONVERSION = YES;
				CLANG_WARN_DEPRECATED_OBJC_IMPLEMENTATIONS = YES;
				CLANG_WARN_DIRECT_OBJC_ISA_USAGE = YES_ERROR;
				CLANG_WARN_DOCUMENTATION_COMMENTS = YES;
				CLANG_WARN_EMPTY_BODY = YES;
				CLANG_WARN_ENUM_CONVERSION = YES;
				CLANG_WARN_INFINITE_RECURSION = YES;
				CLANG_WARN_INT_CONVERSION = YES;
				CLANG_WARN_NON_LITERAL_NULL_CONVERSION = YES;
				CLANG_WARN_OBJC_IMPLICIT_RETAIN_SELF = YES;
				CLANG_WARN_OBJC_LITERAL_CONVERSION = YES;
				CLANG_WARN_OBJC_ROOT_CLASS = YES_ERROR;
				CLANG_WARN_QUOTED_INCLUDE_IN_FRAMEWORK_HEADER = YES;
				CLANG_WARN_RANGE_LOOP_ANALYSIS = YES;
				CLANG_WARN_STRICT_PROTOTYPES = YES;
				CLANG_WARN_SUSPICIOUS_MOVE = YES;
				CLANG_WARN_UNGUARDED_AVAILABILITY = YES_AGGRESSIVE;
				CLANG_WARN_UNREACHABLE_CODE = YES;
				CLANG_WARN__DUPLICATE_METHOD_MATCH = YES;
				COPY_PHASE_STRIP = NO;
				DEBUG_INFORMATION_FORMAT = "dwarf-with-dsym";
				ENABLE_NS_ASSERTIONS = NO;
				ENABLE_STRICT_OBJC_MSGSEND = YES;
				ENABLE_USER_SCRIPT_SANDBOXING = YES;
				GCC_C_LANGUAGE_STANDARD = gnu17;
				GCC_NO_COMMON_BLOCKS = YES;
				GCC_WARN_64_TO_32_BIT_CONVERSION = YES;
				GCC_WARN_ABOUT_RETURN_TYPE = YES_ERROR;
				GCC_WARN_UNDECLARED_SELECTOR = YES;
				GCC_WARN_UNINITIALIZED_AUTOS = YES_AGGRESSIVE;
				GCC_WARN_UNUSED_FUNCTION = YES;
				GCC_WARN_UNUSED_VARIABLE = YES;
				IPHONEOS_DEPLOYMENT_TARGET = 17.2;
				LOCALIZATION_PREFERS_STRING_CATALOGS = YES;
				MTL_ENABLE_DEBUG_INFO = NO;
				MTL_FAST_MATH = YES;
				SDKROOT = iphoneos;
				SWIFT_COMPILATION_MODE = wholemodule;
				VALIDATE_PRODUCT = YES;
			};
			name = Release;
		};
		27370C412BC4299900A2C133 /* Debug */ = {
			isa = XCBuildConfiguration;
			buildSettings = {
				ASSETCATALOG_COMPILER_APPICON_NAME = AppIcon;
				ASSETCATALOG_COMPILER_GLOBAL_ACCENT_COLOR_NAME = AccentColor;
				CODE_SIGN_STYLE = Automatic;
				CURRENT_PROJECT_VERSION = 1;
				DEVELOPMENT_TEAM = DWLFDR3U5L;
				GENERATE_INFOPLIST_FILE = YES;
				INFOPLIST_FILE = viewModel_inputs_outputs/Info.plist;
				INFOPLIST_KEY_UIApplicationSupportsIndirectInputEvents = YES;
				INFOPLIST_KEY_UILaunchStoryboardName = LaunchScreen;
				INFOPLIST_KEY_UISupportedInterfaceOrientations = UIInterfaceOrientationPortrait;
				IPHONEOS_DEPLOYMENT_TARGET = 14.0;
				LD_RUNPATH_SEARCH_PATHS = (
					"$(inherited)",
					"@executable_path/Frameworks",
				);
				MARKETING_VERSION = 1.0;
				PRODUCT_BUNDLE_IDENTIFIER = "com.test.mike.viewModel-inputs-outputs";
				PRODUCT_NAME = "$(TARGET_NAME)";
				SWIFT_EMIT_LOC_STRINGS = YES;
				SWIFT_VERSION = 5.0;
				TARGETED_DEVICE_FAMILY = "1,2";
			};
			name = Debug;
		};
		27370C422BC4299900A2C133 /* Release */ = {
			isa = XCBuildConfiguration;
			buildSettings = {
				ASSETCATALOG_COMPILER_APPICON_NAME = AppIcon;
				ASSETCATALOG_COMPILER_GLOBAL_ACCENT_COLOR_NAME = AccentColor;
				CODE_SIGN_STYLE = Automatic;
				CURRENT_PROJECT_VERSION = 1;
				DEVELOPMENT_TEAM = DWLFDR3U5L;
				GENERATE_INFOPLIST_FILE = YES;
				INFOPLIST_FILE = viewModel_inputs_outputs/Info.plist;
				INFOPLIST_KEY_UIApplicationSupportsIndirectInputEvents = YES;
				INFOPLIST_KEY_UILaunchStoryboardName = LaunchScreen;
				INFOPLIST_KEY_UISupportedInterfaceOrientations = UIInterfaceOrientationPortrait;
				IPHONEOS_DEPLOYMENT_TARGET = 14.0;
				LD_RUNPATH_SEARCH_PATHS = (
					"$(inherited)",
					"@executable_path/Frameworks",
				);
				MARKETING_VERSION = 1.0;
				PRODUCT_BUNDLE_IDENTIFIER = "com.test.mike.viewModel-inputs-outputs";
				PRODUCT_NAME = "$(TARGET_NAME)";
				SWIFT_EMIT_LOC_STRINGS = YES;
				SWIFT_VERSION = 5.0;
				TARGETED_DEVICE_FAMILY = "1,2";
			};
			name = Release;
		};
/* End XCBuildConfiguration section */

/* Begin XCConfigurationList section */
		27370C272BC4299800A2C133 /* Build configuration list for PBXProject "viewModel_inputs_outputs" */ = {
			isa = XCConfigurationList;
			buildConfigurations = (
				27370C3E2BC4299900A2C133 /* Debug */,
				27370C3F2BC4299900A2C133 /* Release */,
			);
			defaultConfigurationIsVisible = 0;
			defaultConfigurationName = Release;
		};
		27370C402BC4299900A2C133 /* Build configuration list for PBXNativeTarget "viewModel_inputs_outputs" */ = {
			isa = XCConfigurationList;
			buildConfigurations = (
				27370C412BC4299900A2C133 /* Debug */,
				27370C422BC4299900A2C133 /* Release */,
			);
			defaultConfigurationIsVisible = 0;
			defaultConfigurationName = Release;
		};
/* End XCConfigurationList section */
	};
	rootObject = 27370C242BC4299800A2C133 /* Project object */;
}
